
Microsoft Visual Studio Solution File, Format Version 12.00
# Visual Studio Version 16
VisualStudioVersion = 16.0.34407.143
MinimumVisualStudioVersion = 10.0.40219.1
Project("{FAE04EC0-301F-11D3-BF4B-00C04F79EFBC}") = "BenTech", "BenTech\BenTech.csproj", "{C79F8A2D-9E3B-468C-B591-C7A089FF9EA4}"
EndProject
Global
	GlobalSection(SolutionConfigurationPlatforms) = preSolution
		Debug|Any CPU = Debug|Any CPU
		Release|Any CPU = Release|Any CPU
	EndGlobalSection
	GlobalSection(ProjectConfigurationPlatforms) = postSolution
		{C79F8A2D-9E3B-468C-B591-C7A089FF9EA4}.Debug|Any CPU.ActiveCfg = Debug|Any CPU
		{C79F8A2D-9E3B-468C-B591-C7A089FF9EA4}.Debug|Any CPU.Build.0 = Debug|Any CPU
		{C79F8A2D-9E3B-468C-B591-C7A089FF9EA4}.Release|Any CPU.ActiveCfg = Release|Any CPU
		{C79F8A2D-9E3B-468C-B591-C7A089FF9EA4}.Release|Any CPU.Build.0 = Release|Any CPU
	EndGlobalSection
	GlobalSection(SolutionProperties) = preSolution
		HideSolutionNode = FALSE
	EndGlobalSection
	GlobalSection(ExtensibilityGlobals) = postSolution
		SolutionGuid = {AE2170FD-33D0-4876-8CFE-D5B525CA212C}
	EndGlobalSection
EndGlobal
